
Microsoft Visual Studio Solution File, Format Version 12.00
# Visual Studio Version 16
VisualStudioVersion = 16.0.31019.35
MinimumVisualStudioVersion = 10.0.40219.1
Project("{9A19103F-16F7-4668-BE54-9A1E7A4F7556}") = "CatalogService", "CatalogService\CatalogService.csproj", "{9352A9FD-8B6A-44E8-9097-D869B9684E69}"
EndProject
Global
	GlobalSection(SolutionConfigurationPlatforms) = preSolution
		Debug|Any CPU = Debug|Any CPU
		Release|Any CPU = Release|Any CPU
	EndGlobalSection
	GlobalSection(ProjectConfigurationPlatforms) = postSolution
		{9352A9FD-8B6A-44E8-9097-D869B9684E69}.Debug|Any CPU.ActiveCfg = Debug|Any CPU
		{9352A9FD-8B6A-44E8-9097-D869B9684E69}.Debug|Any CPU.Build.0 = Debug|Any CPU
		{9352A9FD-8B6A-44E8-9097-D869B9684E69}.Release|Any CPU.ActiveCfg = Release|Any CPU
		{9352A9FD-8B6A-44E8-9097-D869B9684E69}.Release|Any CPU.Build.0 = Release|Any CPU
	EndGlobalSection
	GlobalSection(SolutionProperties) = preSolution
		HideSolutionNode = FALSE
	EndGlobalSection
	GlobalSection(ExtensibilityGlobals) = postSolution
		SolutionGuid = {BBF226C3-7A48-420B-B5B4-3511313E157A}
	EndGlobalSection
EndGlobal
